
Microsoft Visual Studio Solution File, Format Version 12.00
# Visual Studio Version 17
VisualStudioVersion = 17.14.37027.9
MinimumVisualStudioVersion = 10.0.40219.1
Project("{FAE04EC0-301F-11D3-BF4B-00C04F79EFBC}") = "AutodownloadService", "AutodownloadService\AutodownloadService.csproj", "{D0F773C9-B23D-43B6-80CD-B2BA883986DE}"
EndProject
Project("{FAE04EC0-301F-11D3-BF4B-00C04F79EFBC}") = "DownloadLogUnitTest", "DownloadLogUnitTest\DownloadLogUnitTest.csproj", "{B476F3A9-0597-4AB9-8343-B869EAD1D380}"
EndProject
Project("{54435603-DBB4-11D2-8724-00A0C9A8B90C}") = "AutodownloadServiceInstaller", "AutodownloadServiceInstaller\AutodownloadServiceInstaller.vdproj", "{866D4088-9291-B29A-4556-E5944969F1BF}"
EndProject
Global
	GlobalSection(SolutionConfigurationPlatforms) = preSolution
		Debug|Any CPU = Debug|Any CPU
		Release|Any CPU = Release|Any CPU
	EndGlobalSection
	GlobalSection(ProjectConfigurationPlatforms) = postSolution
		{D0F773C9-B23D-43B6-80CD-B2BA883986DE}.Debug|Any CPU.ActiveCfg = Debug|Any CPU
		{D0F773C9-B23D-43B6-80CD-B2BA883986DE}.Debug|Any CPU.Build.0 = Debug|Any CPU
		{D0F773C9-B23D-43B6-80CD-B2BA883986DE}.Release|Any CPU.ActiveCfg = Release|Any CPU
		{D0F773C9-B23D-43B6-80CD-B2BA883986DE}.Release|Any CPU.Build.0 = Release|Any CPU
		{B476F3A9-0597-4AB9-8343-B869EAD1D380}.Debug|Any CPU.ActiveCfg = Debug|Any CPU
		{B476F3A9-0597-4AB9-8343-B869EAD1D380}.Debug|Any CPU.Build.0 = Debug|Any CPU
		{B476F3A9-0597-4AB9-8343-B869EAD1D380}.Release|Any CPU.ActiveCfg = Release|Any CPU
		{B476F3A9-0597-4AB9-8343-B869EAD1D380}.Release|Any CPU.Build.0 = Release|Any CPU
		{866D4088-9291-B29A-4556-E5944969F1BF}.Debug|Any CPU.ActiveCfg = Debug
		{866D4088-9291-B29A-4556-E5944969F1BF}.Release|Any CPU.ActiveCfg = Release
	EndGlobalSection
	GlobalSection(SolutionProperties) = preSolution
		HideSolutionNode = FALSE
	EndGlobalSection
	GlobalSection(ExtensibilityGlobals) = postSolution
		SolutionGuid = {F72FFF72-F71C-4604-94E9-F64CE3C87A41}
	EndGlobalSection
EndGlobal
